
Microsoft Visual Studio Solution File, Format Version 12.00
# Visual Studio 2013
VisualStudioVersion = 12.0.21005.1
MinimumVisualStudioVersion = 10.0.40219.1
Project("{FAE04EC0-301F-11D3-BF4B-00C04F79EFBC}") = "OnlineguruSpotifyScrobbler", "OnlineguruSpotifyScrobbler\OnlineguruSpotifyScrobbler.csproj", "{0251CC26-16F1-4AB5-9D9D-3A79552A8986}"
EndProject
Project("{FAE04EC0-301F-11D3-BF4B-00C04F79EFBC}") = "SpotifyLocalAPI", "SpotifyLocalAPI\SpotifyLocalAPI.csproj", "{8D4037D9-7322-4207-AFDD-82CA47E5AD84}"
EndProject
Global
	GlobalSection(SolutionConfigurationPlatforms) = preSolution
		Debug|Any CPU = Debug|Any CPU
		Release|Any CPU = Release|Any CPU
	EndGlobalSection
	GlobalSection(ProjectConfigurationPlatforms) = postSolution
		{0251CC26-16F1-4AB5-9D9D-3A79552A8986}.Debug|Any CPU.ActiveCfg = Debug|Any CPU
		{0251CC26-16F1-4AB5-9D9D-3A79552A8986}.Debug|Any CPU.Build.0 = Debug|Any CPU
		{0251CC26-16F1-4AB5-9D9D-3A79552A8986}.Release|Any CPU.ActiveCfg = Release|Any CPU
		{0251CC26-16F1-4AB5-9D9D-3A79552A8986}.Release|Any CPU.Build.0 = Release|Any CPU
		{8D4037D9-7322-4207-AFDD-82CA47E5AD84}.Debug|Any CPU.ActiveCfg = Debug|Any CPU
		{8D4037D9-7322-4207-AFDD-82CA47E5AD84}.Debug|Any CPU.Build.0 = Debug|Any CPU
		{8D4037D9-7322-4207-AFDD-82CA47E5AD84}.Release|Any CPU.ActiveCfg = Release|Any CPU
		{8D4037D9-7322-4207-AFDD-82CA47E5AD84}.Release|Any CPU.Build.0 = Release|Any CPU
	EndGlobalSection
	GlobalSection(SolutionProperties) = preSolution
		HideSolutionNode = FALSE
	EndGlobalSection
EndGlobal
